
Microsoft Visual Studio Solution File, Format Version 12.00
# Visual Studio Version 17
VisualStudioVersion = 17.1.32328.378
MinimumVisualStudioVersion = 10.0.40219.1
Project("{9A19103F-16F7-4668-BE54-9A1E7A4F7556}") = "BlueprintPurge", "BlueprintPurge\BlueprintPurge.csproj", "{9BFE87EE-3EAD-43D5-A2D5-ED6FFB1FD33D}"
EndProject
Global
	GlobalSection(SolutionConfigurationPlatforms) = preSolution
		Debug|Any CPU = Debug|Any CPU
		Release|Any CPU = Release|Any CPU
	EndGlobalSection
	GlobalSection(ProjectConfigurationPlatforms) = postSolution
		{9BFE87EE-3EAD-43D5-A2D5-ED6FFB1FD33D}.Debug|Any CPU.ActiveCfg = Debug|Any CPU
		{9BFE87EE-3EAD-43D5-A2D5-ED6FFB1FD33D}.Debug|Any CPU.Build.0 = Debug|Any CPU
		{9BFE87EE-3EAD-43D5-A2D5-ED6FFB1FD33D}.Release|Any CPU.ActiveCfg = Release|Any CPU
		{9BFE87EE-3EAD-43D5-A2D5-ED6FFB1FD33D}.Release|Any CPU.Build.0 = Release|Any CPU
	EndGlobalSection
	GlobalSection(SolutionProperties) = preSolution
		HideSolutionNode = FALSE
	EndGlobalSection
	GlobalSection(ExtensibilityGlobals) = postSolution
		SolutionGuid = {A7D859AC-E0DC-450F-9A51-4F9CF2F0DF0E}
	EndGlobalSection
EndGlobal
